
Microsoft Visual Studio Solution File, Format Version 12.00
# Visual Studio Version 17
VisualStudioVersion = 17.4.33213.308
MinimumVisualStudioVersion = 10.0.40219.1
Project("{FAE04EC0-301F-11D3-BF4B-00C04F79EFBC}") = "BusDepotBL", "BusDepotBL\BusDepotBL.csproj", "{2017F54A-1FBB-44A5-B444-0ADB8D5FC017}"
EndProject
Project("{FAE04EC0-301F-11D3-BF4B-00C04F79EFBC}") = "BusDepotUI", "BusDepotUI\BusDepotUI.csproj", "{B5402AAD-458E-423E-8642-2ABD9E0908AB}"
EndProject
Global
	GlobalSection(SolutionConfigurationPlatforms) = preSolution
		Debug|Any CPU = Debug|Any CPU
		Release|Any CPU = Release|Any CPU
	EndGlobalSection
	GlobalSection(ProjectConfigurationPlatforms) = postSolution
		{2017F54A-1FBB-44A5-B444-0ADB8D5FC017}.Debug|Any CPU.ActiveCfg = Debug|Any CPU
		{2017F54A-1FBB-44A5-B444-0ADB8D5FC017}.Debug|Any CPU.Build.0 = Debug|Any CPU
		{2017F54A-1FBB-44A5-B444-0ADB8D5FC017}.Release|Any CPU.ActiveCfg = Release|Any CPU
		{2017F54A-1FBB-44A5-B444-0ADB8D5FC017}.Release|Any CPU.Build.0 = Release|Any CPU
		{B5402AAD-458E-423E-8642-2ABD9E0908AB}.Debug|Any CPU.ActiveCfg = Debug|Any CPU
		{B5402AAD-458E-423E-8642-2ABD9E0908AB}.Debug|Any CPU.Build.0 = Debug|Any CPU
		{B5402AAD-458E-423E-8642-2ABD9E0908AB}.Release|Any CPU.ActiveCfg = Release|Any CPU
		{B5402AAD-458E-423E-8642-2ABD9E0908AB}.Release|Any CPU.Build.0 = Release|Any CPU
	EndGlobalSection
	GlobalSection(SolutionProperties) = preSolution
		HideSolutionNode = FALSE
	EndGlobalSection
	GlobalSection(ExtensibilityGlobals) = postSolution
		SolutionGuid = {1F236B35-0121-466C-8260-CBCC0210CD6F}
	EndGlobalSection
EndGlobal
